// !$*UTF8*$!
{
	archiveVersion = 1;
	classes = {
	};
	objectVersion = 46;
	objects = {

/* Begin PBXBuildFile section */
		71CE6CA51A58DFCC00C83C9F /* main.m in Sources */ = {isa = PBXBuildFile; fileRef = 71CE6CA41A58DFCC00C83C9F /* main.m */; };
		71CE6CA81A58DFCC00C83C9F /* AppDelegate.m in Sources */ = {isa = PBXBuildFile; fileRef = 71CE6CA71A58DFCC00C83C9F /* AppDelegate.m */; };
		71CE6CAB1A58DFCC00C83C9F /* RootViewController.m in Sources */ = {isa = PBXBuildFile; fileRef = 71CE6CAA1A58DFCC00C83C9F /* RootViewController.m */; };
		71CE6CAE1A58DFCC00C83C9F /* DataViewController.m in Sources */ = {isa = PBXBuildFile; fileRef = 71CE6CAD1A58DFCC00C83C9F /* DataViewController.m */; };
		71CE6CB11A58DFCC00C83C9F /* ModelController.m in Sources */ = {isa = PBXBuildFile; fileRef = 71CE6CB01A58DFCC00C83C9F /* ModelController.m */; };
		71CE6CB41A58DFCC00C83C9F /* Main.storyboard in Resources */ = {isa = PBXBuildFile; fileRef = 71CE6CB21A58DFCC00C83C9F /* Main.storyboard */; };
		71CE6CB61A58DFCC00C83C9F /* Images.xcassets in Resources */ = {isa = PBXBuildFile; fileRef = 71CE6CB51A58DFCC00C83C9F /* Images.xcassets */; };
		71CE6CB91A58DFCC00C83C9F /* LaunchScreen.xib in Resources */ = {isa = PBXBuildFile; fileRef = 71CE6CB71A58DFCC00C83C9F /* LaunchScreen.xib */; };
		71CE6CC51A58DFCC00C83C9F /* TestLigntTests.m in Sources */ = {isa = PBXBuildFile; fileRef = 71CE6CC41A58DFCC00C83C9F /* TestLigntTests.m */; };
/* End PBXBuildFile section */

/* Begin PBXContainerItemProxy section */
		71CE6CBF1A58DFCC00C83C9F /* PBXContainerItemProxy */ = {
			isa = PBXContainerItemProxy;
			containerPortal = 71CE6C971A58DFCC00C83C9F /* Project object */;
			proxyType = 1;
			remoteGlobalIDString = 71CE6C9E1A58DFCC00C83C9F;
			remoteInfo = TestLignt;
		};
/* End PBXContainerItemProxy section */

/* Begin PBXFileReference section */
		71CE6C9F1A58DFCC00C83C9F /* TestLignt.app */ = {isa = PBXFileReference; explicitFileType = wrapper.application; includeInIndex = 0; path = TestLignt.app; sourceTree = BUILT_PRODUCTS_DIR; };
		71CE6CA31A58DFCC00C83C9F /* Info.plist */ = {isa = PBXFileReference; lastKnownFileType = text.plist.xml; path = Info.plist; sourceTree = "<group>"; };
		71CE6CA41A58DFCC00C83C9F /* main.m */ = {isa = PBXFileReference; lastKnownFileType = sourcecode.c.objc; path = main.m; sourceTree = "<group>"; };
		71CE6CA61A58DFCC00C83C9F /* AppDelegate.h */ = {isa = PBXFileReference; lastKnownFileType = sourcecode.c.h; path = AppDelegate.h; sourceTree = "<group>"; };
		71CE6CA71A58DFCC00C83C9F /* AppDelegate.m */ = {isa = PBXFileReference; lastKnownFileType = sourcecode.c.objc; path = AppDelegate.m; sourceTree = "<group>"; };
		71CE6CA91A58DFCC00C83C9F /* RootViewController.h */ = {isa = PBXFileReference; lastKnownFileType = sourcecode.c.h; path = RootViewController.h; sourceTree = "<group>"; };
		71CE6CAA1A58DFCC00C83C9F /* RootViewController.m */ = {isa = PBXFileReference; lastKnownFileType = sourcecode.c.objc; path = RootViewController.m; sourceTree = "<group>"; };
		71CE6CAC1A58DFCC00C83C9F /* DataViewController.h */ = {isa = PBXFileReference; lastKnownFileType = sourcecode.c.h; path = DataViewController.h; sourceTree = "<group>"; };
		71CE6CAD1A58DFCC00C83C9F /* DataViewController.m */ = {isa = PBXFileReference; lastKnownFileType = sourcecode.c.objc; path = DataViewController.m; sourceTree = "<group>"; };
		71CE6CAF1A58DFCC00C83C9F /* ModelController.h */ = {isa = PBXFileReference; lastKnownFileType = sourcecode.c.h; path = ModelController.h; sourceTree = "<group>"; };
		71CE6CB01A58DFCC00C83C9F /* ModelController.m */ = {isa = PBXFileReference; lastKnownFileType = sourcecode.c.objc; path = ModelController.m; sourceTree = "<group>"; };
		71CE6CB31A58DFCC00C83C9F /* Base */ = {isa = PBXFileReference; lastKnownFileType = file.storyboard; name = Base; path = Base.lproj/Main.storyboard; sourceTree = "<group>"; };
		71CE6CB51A58DFCC00C83C9F /* Images.xcassets */ = {isa = PBXFileReference; lastKnownFileType = folder.assetcatalog; path = Images.xcassets; sourceTree = "<group>"; };
		71CE6CB81A58DFCC00C83C9F /* Base */ = {isa = PBXFileReference; lastKnownFileType = file.xib; name = Base; path = Base.lproj/LaunchScreen.xib; sourceTree = "<group>"; };
		71CE6CBE1A58DFCC00C83C9F /* TestLigntTests.xctest */ = {isa = PBXFileReference; explicitFileType = wrapper.cfbundle; includeInIndex = 0; path = TestLigntTests.xctest; sourceTree = BUILT_PRODUCTS_DIR; };
		71CE6CC31A58DFCC00C83C9F /* Info.plist */ = {isa = PBXFileReference; lastKnownFileType = text.plist.xml; path = Info.plist; sourceTree = "<group>"; };
		71CE6CC41A58DFCC00C83C9F /* TestLigntTests.m */ = {isa = PBXFileReference; lastKnownFileType = sourcecode.c.objc; path = TestLigntTests.m; sourceTree = "<group>"; };
/* End PBXFileReference section */

/* Begin PBXFrameworksBuildPhase section */
		71CE6C9C1A58DFCC00C83C9F /* Frameworks */ = {
			isa = PBXFrameworksBuildPhase;
			buildActionMask = 2147483647;
			files = (
			);
			runOnlyForDeploymentPostprocessing = 0;
		};
		71CE6CBB1A58DFCC00C83C9F /* Frameworks */ = {
			isa = PBXFrameworksBuildPhase;
			buildActionMask = 2147483647;
			files = (
			);
			runOnlyForDeploymentPostprocessing = 0;
		};
/* End PBXFrameworksBuildPhase section */

/* Begin PBXGroup section */
		71CE6C961A58DFCC00C83C9F = {
			isa = PBXGroup;
			children = (
				71CE6CA11A58DFCC00C83C9F /* TestLignt */,
				71CE6CC11A58DFCC00C83C9F /* TestLigntTests */,
				71CE6CA01A58DFCC00C83C9F /* Products */,
			);
			sourceTree = "<group>";
		};
		71CE6CA01A58DFCC00C83C9F /* Products */ = {
			isa = PBXGroup;
			children = (
				71CE6C9F1A58DFCC00C83C9F /* TestLignt.app */,
				71CE6CBE1A58DFCC00C83C9F /* TestLigntTests.xctest */,
			);
			name = Products;
			sourceTree = "<group>";
		};
		71CE6CA11A58DFCC00C83C9F /* TestLignt */ = {
			isa = PBXGroup;
			children = (
				71CE6CA61A58DFCC00C83C9F /* AppDelegate.h */,
				71CE6CA71A58DFCC00C83C9F /* AppDelegate.m */,
				71CE6CA91A58DFCC00C83C9F /* RootViewController.h */,
				71CE6CAA1A58DFCC00C83C9F /* RootViewController.m */,
				71CE6CAC1A58DFCC00C83C9F /* DataViewController.h */,
				71CE6CAD1A58DFCC00C83C9F /* DataViewController.m */,
				71CE6CAF1A58DFCC00C83C9F /* ModelController.h */,
				71CE6CB01A58DFCC00C83C9F /* ModelController.m */,
				71CE6CB21A58DFCC00C83C9F /* Main.storyboard */,
				71CE6CB51A58DFCC00C83C9F /* Images.xcassets */,
				71CE6CB71A58DFCC00C83C9F /* LaunchScreen.xib */,
				71CE6CA21A58DFCC00C83C9F /* Supporting Files */,
			);
			path = TestLignt;
			sourceTree = "<group>";
		};
		71CE6CA21A58DFCC00C83C9F /* Supporting Files */ = {
			isa = PBXGroup;
			children = (
				71CE6CA31A58DFCC00C83C9F /* Info.plist */,
				71CE6CA41A58DFCC00C83C9F /* main.m */,
			);
			name = "Supporting Files";
			sourceTree = "<group>";
		};
		71CE6CC11A58DFCC00C83C9F /* TestLigntTests */ = {
			isa = PBXGroup;
			children = (
				71CE6CC41A58DFCC00C83C9F /* TestLigntTests.m */,
				71CE6CC21A58DFCC00C83C9F /* Supporting Files */,
			);
			path = TestLigntTests;
			sourceTree = "<group>";
		};
		71CE6CC21A58DFCC00C83C9F /* Supporting Files */ = {
			isa = PBXGroup;
			children = (
				71CE6CC31A58DFCC00C83C9F /* Info.plist */,
			);
			name = "Supporting Files";
			sourceTree = "<group>";
		};
/* End PBXGroup section */

/* Begin PBXNativeTarget section */
		71CE6C9E1A58DFCC00C83C9F /* TestLignt */ = {
			isa = PBXNativeTarget;
			buildConfigurationList = 71CE6CC81A58DFCC00C83C9F /* Build configuration list for PBXNativeTarget "TestLignt" */;
			buildPhases = (
				71CE6C9B1A58DFCC00C83C9F /* Sources */,
				71CE6C9C1A58DFCC00C83C9F /* Frameworks */,
				71CE6C9D1A58DFCC00C83C9F /* Resources */,
			);
			buildRules = (
			);
			dependencies = (
			);
			name = TestLignt;
			productName = TestLignt;
			productReference = 71CE6C9F1A58DFCC00C83C9F /* TestLignt.app */;
			productType = "com.apple.product-type.application";
		};
		71CE6CBD1A58DFCC00C83C9F /* TestLigntTests */ = {
			isa = PBXNativeTarget;
			buildConfigurationList = 71CE6CCB1A58DFCC00C83C9F /* Build configuration list for PBXNativeTarget "TestLigntTests" */;
			buildPhases = (
				71CE6CBA1A58DFCC00C83C9F /* Sources */,
				71CE6CBB1A58DFCC00C83C9F /* Frameworks */,
				71CE6CBC1A58DFCC00C83C9F /* Resources */,
			);
			buildRules = (
			);
			dependencies = (
				71CE6CC01A58DFCC00C83C9F /* PBXTargetDependency */,
			);
			name = TestLigntTests;
			productName = TestLigntTests;
			productReference = 71CE6CBE1A58DFCC00C83C9F /* TestLigntTests.xctest */;
			productType = "com.apple.product-type.bundle.unit-test";
		};
/* End PBXNativeTarget section */

/* Begin PBXProject section */
		71CE6C971A58DFCC00C83C9F /* Project object */ = {
			isa = PBXProject;
			attributes = {
				LastUpgradeCheck = 0610;
				ORGANIZATIONNAME = wzr;
				TargetAttributes = {
					71CE6C9E1A58DFCC00C83C9F = {
						CreatedOnToolsVersion = 6.1.1;
					};
					71CE6CBD1A58DFCC00C83C9F = {
						CreatedOnToolsVersion = 6.1.1;
						TestTargetID = 71CE6C9E1A58DFCC00C83C9F;
					};
				};
			};
			buildConfigurationList = 71CE6C9A1A58DFCC00C83C9F /* Build configuration list for PBXProject "TestLignt" */;
			compatibilityVersion = "Xcode 3.2";
			developmentRegion = English;
			hasScannedForEncodings = 0;
			knownRegions = (
				en,
				Base,
			);
			mainGroup = 71CE6C961A58DFCC00C83C9F;
			productRefGroup = 71CE6CA01A58DFCC00C83C9F /* Products */;
			projectDirPath = "";
			projectRoot = "";
			targets = (
				71CE6C9E1A58DFCC00C83C9F /* TestLignt */,
				71CE6CBD1A58DFCC00C83C9F /* TestLigntTests */,
			);
		};
/* End PBXProject section */

/* Begin PBXResourcesBuildPhase section */
		71CE6C9D1A58DFCC00C83C9F /* Resources */ = {
			isa = PBXResourcesBuildPhase;
			buildActionMask = 2147483647;
			files = (
				71CE6CB41A58DFCC00C83C9F /* Main.storyboard in Resources */,
				71CE6CB91A58DFCC00C83C9F /* LaunchScreen.xib in Resources */,
				71CE6CB61A58DFCC00C83C9F /* Images.xcassets in Resources */,
			);
			runOnlyForDeploymentPostprocessing = 0;
		};
		71CE6CBC1A58DFCC00C83C9F /* Resources */ = {
			isa = PBXResourcesBuildPhase;
			buildActionMask = 2147483647;
			files = (
			);
			runOnlyForDeploymentPostprocessing = 0;
		};
/* End PBXResourcesBuildPhase section */

/* Begin PBXSourcesBuildPhase section */
		71CE6C9B1A58DFCC00C83C9F /* Sources */ = {
			isa = PBXSourcesBuildPhase;
			buildActionMask = 2147483647;
			files = (
				71CE6CAE1A58DFCC00C83C9F /* DataViewController.m in Sources */,
				71CE6CA81A58DFCC00C83C9F /* AppDelegate.m in Sources */,
				71CE6CB11A58DFCC00C83C9F /* ModelController.m in Sources */,
				71CE6CA51A58DFCC00C83C9F /* main.m in Sources */,
				71CE6CAB1A58DFCC00C83C9F /* RootViewController.m in Sources */,
			);
			runOnlyForDeploymentPostprocessing = 0;
		};
		71CE6CBA1A58DFCC00C83C9F /* Sources */ = {
			isa = PBXSourcesBuildPhase;
			buildActionMask = 2147483647;
			files = (
				71CE6CC51A58DFCC00C83C9F /* TestLigntTests.m in Sources */,
			);
			runOnlyForDeploymentPostprocessing = 0;
		};
/* End PBXSourcesBuildPhase section */

/* Begin PBXTargetDependency section */
		71CE6CC01A58DFCC00C83C9F /* PBXTargetDependency */ = {
			isa = PBXTargetDependency;
			target = 71CE6C9E1A58DFCC00C83C9F /* TestLignt */;
			targetProxy = 71CE6CBF1A58DFCC00C83C9F /* PBXContainerItemProxy */;
		};
/* End PBXTargetDependency section */

/* Begin PBXVariantGroup section */
		71CE6CB21A58DFCC00C83C9F /* Main.storyboard */ = {
			isa = PBXVariantGroup;
			children = (
				71CE6CB31A58DFCC00C83C9F /* Base */,
			);
			name = Main.storyboard;
			sourceTree = "<group>";
		};
		71CE6CB71A58DFCC00C83C9F /* LaunchScreen.xib */ = {
			isa = PBXVariantGroup;
			children = (
				71CE6CB81A58DFCC00C83C9F /* Base */,
			);
			name = LaunchScreen.xib;
			sourceTree = "<group>";
		};
/* End PBXVariantGroup section */

/* Begin XCBuildConfiguration section */
		71CE6CC61A58DFCC00C83C9F /* Debug */ = {
			isa = XCBuildConfiguration;
			buildSettings = {
				ALWAYS_SEARCH_USER_PATHS = NO;
				CLANG_CXX_LANGUAGE_STANDARD = "gnu++0x";
				CLANG_CXX_LIBRARY = "libc++";
				CLANG_ENABLE_MODULES = YES;
				CLANG_ENABLE_OBJC_ARC = YES;
				CLANG_WARN_BOOL_CONVERSION = YES;
				CLANG_WARN_CONSTANT_CONVERSION = YES;
				CLANG_WARN_DIRECT_OBJC_ISA_USAGE = YES_ERROR;
				CLANG_WARN_EMPTY_BODY = YES;
				CLANG_WARN_ENUM_CONVERSION = YES;
				CLANG_WARN_INT_CONVERSION = YES;
				CLANG_WARN_OBJC_ROOT_CLASS = YES_ERROR;
				CLANG_WARN_UNREACHABLE_CODE = YES;
				CLANG_WARN__DUPLICATE_METHOD_MATCH = YES;
				"CODE_SIGN_IDENTITY[sdk=iphoneos*]" = "iPhone Developer";
				COPY_PHASE_STRIP = NO;
				ENABLE_STRICT_OBJC_MSGSEND = YES;
				GCC_C_LANGUAGE_STANDARD = gnu99;
				GCC_DYNAMIC_NO_PIC = NO;
				GCC_OPTIMIZATION_LEVEL = 0;
				GCC_PREPROCESSOR_DEFINITIONS = (
					"DEBUG=1",
					"$(inherited)",
				);
				GCC_SYMBOLS_PRIVATE_EXTERN = NO;
				GCC_WARN_64_TO_32_BIT_CONVERSION = YES;
				GCC_WARN_ABOUT_RETURN_TYPE = YES_ERROR;
				GCC_WARN_UNDECLARED_SELECTOR = YES;
				GCC_WARN_UNINITIALIZED_AUTOS = YES_AGGRESSIVE;
				GCC_WARN_UNUSED_FUNCTION = YES;
				GCC_WARN_UNUSED_VARIABLE = YES;
				IPHONEOS_DEPLOYMENT_TARGET = 8.1;
				MTL_ENABLE_DEBUG_INFO = YES;
				ONLY_ACTIVE_ARCH = YES;
				SDKROOT = iphoneos;
				TARGETED_DEVICE_FAMILY = "1,2";
			};
			name = Debug;
		};
		71CE6CC71A58DFCC00C83C9F /* Release */ = {
			isa = XCBuildConfiguration;
			buildSettings = {
				ALWAYS_SEARCH_USER_PATHS = NO;
				CLANG_CXX_LANGUAGE_STANDARD = "gnu++0x";
				CLANG_CXX_LIBRARY = "libc++";
				CLANG_ENABLE_MODULES = YES;
				CLANG_ENABLE_OBJC_ARC = YES;
				CLANG_WARN_BOOL_CONVERSION = YES;
				CLANG_WARN_CONSTANT_CONVERSION = YES;
				CLANG_WARN_DIRECT_OBJC_ISA_USAGE = YES_ERROR;
				CLANG_WARN_EMPTY_BODY = YES;
				CLANG_WARN_ENUM_CONVERSION = YES;
				CLANG_WARN_INT_CONVERSION = YES;
				CLANG_WARN_OBJC_ROOT_CLASS = YES_ERROR;
				CLANG_WARN_UNREACHABLE_CODE = YES;
				CLANG_WARN__DUPLICATE_METHOD_MATCH = YES;
				"CODE_SIGN_IDENTITY[sdk=iphoneos*]" = "iPhone Developer";
				COPY_PHASE_STRIP = YES;
				ENABLE_NS_ASSERTIONS = NO;
				ENABLE_STRICT_OBJC_MSGSEND = YES;
				GCC_C_LANGUAGE_STANDARD = gnu99;
				GCC_WARN_64_TO_32_BIT_CONVERSION = YES;
				GCC_WARN_ABOUT_RETURN_TYPE = YES_ERROR;
				GCC_WARN_UNDECLARED_SELECTOR = YES;
				GCC_WARN_UNINITIALIZED_AUTOS = YES_AGGRESSIVE;
				GCC_WARN_UNUSED_FUNCTION = YES;
				GCC_WARN_UNUSED_VARIABLE = YES;
				IPHONEOS_DEPLOYMENT_TARGET = 8.1;
				MTL_ENABLE_DEBUG_INFO = NO;
				SDKROOT = iphoneos;
				TARGETED_DEVICE_FAMILY = "1,2";
				VALIDATE_PRODUCT = YES;
			};
			name = Release;
		};
		71CE6CC91A58DFCC00C83C9F /* Debug */ = {
			isa = XCBuildConfiguration;
			buildSettings = {
				ASSETCATALOG_COMPILER_APPICON_NAME = AppIcon;
				INFOPLIST_FILE = TestLignt/Info.plist;
				LD_RUNPATH_SEARCH_PATHS = "$(inherited) @executable_path/Frameworks";
				PRODUCT_NAME = "$(TARGET_NAME)";
			};
			name = Debug;
		};
		71CE6CCA1A58DFCC00C83C9F /* Release */ = {
			isa = XCBuildConfiguration;
			buildSettings = {
				ASSETCATALOG_COMPILER_APPICON_NAME = AppIcon;
				INFOPLIST_FILE = TestLignt/Info.plist;
				LD_RUNPATH_SEARCH_PATHS = "$(inherited) @executable_path/Frameworks";
				PRODUCT_NAME = "$(TARGET_NAME)";
			};
			name = Release;
		};
		71CE6CCC1A58DFCC00C83C9F /* Debug */ = {
			isa = XCBuildConfiguration;
			buildSettings = {
				BUNDLE_LOADER = "$(TEST_HOST)";
				FRAMEWORK_SEARCH_PATHS = (
					"$(SDKROOT)/Developer/Library/Frameworks",
					"$(inherited)",
				);
				GCC_PREPROCESSOR_DEFINITIONS = (
					"DEBUG=1",
					"$(inherited)",
				);
				INFOPLIST_FILE = TestLigntTests/Info.plist;
				LD_RUNPATH_SEARCH_PATHS = "$(inherited) @executable_path/Frameworks @loader_path/Frameworks";
				PRODUCT_NAME = "$(TARGET_NAME)";
				TEST_HOST = "$(BUILT_PRODUCTS_DIR)/TestLignt.app/TestLignt";
			};
			name = Debug;
		};
		71CE6CCD1A58DFCC00C83C9F /* Release */ = {
			isa = XCBuildConfiguration;
			buildSettings = {
				BUNDLE_LOADER = "$(TEST_HOST)";
				FRAMEWORK_SEARCH_PATHS = (
					"$(SDKROOT)/Developer/Library/Frameworks",
					"$(inherited)",
				);
				INFOPLIST_FILE = TestLigntTests/Info.plist;
				LD_RUNPATH_SEARCH_PATHS = "$(inherited) @executable_path/Frameworks @loader_path/Frameworks";
				PRODUCT_NAME = "$(TARGET_NAME)";
				TEST_HOST = "$(BUILT_PRODUCTS_DIR)/TestLignt.app/TestLignt";
			};
			name = Release;
		};
/* End XCBuildConfiguration section */

/* Begin XCConfigurationList section */
		71CE6C9A1A58DFCC00C83C9F /* Build configuration list for PBXProject "TestLignt" */ = {
			isa = XCConfigurationList;
			buildConfigurations = (
				71CE6CC61A58DFCC00C83C9F /* Debug */,
				71CE6CC71A58DFCC00C83C9F /* Release */,
			);
			defaultConfigurationIsVisible = 0;
			defaultConfigurationName = Release;
		};
		71CE6CC81A58DFCC00C83C9F /* Build configuration list for PBXNativeTarget "TestLignt" */ = {
			isa = XCConfigurationList;
			buildConfigurations = (
				71CE6CC91A58DFCC00C83C9F /* Debug */,
				71CE6CCA1A58DFCC00C83C9F /* Release */,
			);
			defaultConfigurationIsVisible = 0;
		};
		71CE6CCB1A58DFCC00C83C9F /* Build configuration list for PBXNativeTarget "TestLigntTests" */ = {
			isa = XCConfigurationList;
			buildConfigurations = (
				71CE6CCC1A58DFCC00C83C9F /* Debug */,
				71CE6CCD1A58DFCC00C83C9F /* Release */,
			);
			defaultConfigurationIsVisible = 0;
		};
/* End XCConfigurationList section */
	};
	rootObject = 71CE6C971A58DFCC00C83C9F /* Project object */;
}
